
Microsoft Visual Studio Solution File, Format Version 12.00
# Visual Studio 15
VisualStudioVersion = 15.0.28307.645
MinimumVisualStudioVersion = 10.0.40219.1
Project("{E24C65DC-7377-472B-9ABA-BC803B73C61A}") = "ChickenRoad", "ChickenRoad\", "{5190C371-9623-47B6-B5D7-EA56F64E5EE2}"
	ProjectSection(WebsiteProperties) = preProject
		TargetFrameworkMoniker = ".NETFramework,Version%3Dv4.6.1"
		Debug.AspNetCompiler.VirtualPath = "/localhost_51354"
		Debug.AspNetCompiler.PhysicalPath = "ChickenRoad\"
		Debug.AspNetCompiler.TargetPath = "PrecompiledWeb\localhost_51354\"
		Debug.AspNetCompiler.Updateable = "true"
		Debug.AspNetCompiler.ForceOverwrite = "true"
		Debug.AspNetCompiler.FixedNames = "false"
		Debug.AspNetCompiler.Debug = "True"
		Release.AspNetCompiler.VirtualPath = "/localhost_51354"
		Release.AspNetCompiler.PhysicalPath = "ChickenRoad\"
		Release.AspNetCompiler.TargetPath = "PrecompiledWeb\localhost_51354\"
		Release.AspNetCompiler.Updateable = "true"
		Release.AspNetCompiler.ForceOverwrite = "true"
		Release.AspNetCompiler.FixedNames = "false"
		Release.AspNetCompiler.Debug = "False"
		VWDPort = "51354"
		SlnRelativePath = "ChickenRoad\"
		DefaultWebSiteLanguage = "Visual C#"
	EndProjectSection
EndProject
Global
	GlobalSection(SolutionConfigurationPlatforms) = preSolution
		Debug|Any CPU = Debug|Any CPU
	EndGlobalSection
	GlobalSection(ProjectConfigurationPlatforms) = postSolution
		{5190C371-9623-47B6-B5D7-EA56F64E5EE2}.Debug|Any CPU.ActiveCfg = Debug|Any CPU
		{5190C371-9623-47B6-B5D7-EA56F64E5EE2}.Debug|Any CPU.Build.0 = Debug|Any CPU
	EndGlobalSection
	GlobalSection(SolutionProperties) = preSolution
		HideSolutionNode = FALSE
	EndGlobalSection
	GlobalSection(ExtensibilityGlobals) = postSolution
		SolutionGuid = {8762A723-644A-4A63-9CA3-848C89201BDE}
	EndGlobalSection
EndGlobal
